
Microsoft Visual Studio Solution File, Format Version 12.00
# Visual Studio Version 16
VisualStudioVersion = 16.0.28803.202
MinimumVisualStudioVersion = 10.0.40219.1
Project("{FAE04EC0-301F-11D3-BF4B-00C04F79EFBC}") = "FitsCs", "Fits-Cs\FitsCs.csproj", "{38A69D60-458D-4502-8238-5FE03426B70A}"
EndProject
Project("{FAE04EC0-301F-11D3-BF4B-00C04F79EFBC}") = "Tests", "Tests\Tests.csproj", "{6659AFB2-0DD7-4C0E-95D2-DF0E2399E086}"
EndProject
Global
	GlobalSection(SolutionConfigurationPlatforms) = preSolution
		Debug|Any CPU = Debug|Any CPU
		Release|Any CPU = Release|Any CPU
	EndGlobalSection
	GlobalSection(ProjectConfigurationPlatforms) = postSolution
		{38A69D60-458D-4502-8238-5FE03426B70A}.Debug|Any CPU.ActiveCfg = Debug|Any CPU
		{38A69D60-458D-4502-8238-5FE03426B70A}.Debug|Any CPU.Build.0 = Debug|Any CPU
		{38A69D60-458D-4502-8238-5FE03426B70A}.Release|Any CPU.ActiveCfg = Release|Any CPU
		{38A69D60-458D-4502-8238-5FE03426B70A}.Release|Any CPU.Build.0 = Release|Any CPU
		{6659AFB2-0DD7-4C0E-95D2-DF0E2399E086}.Debug|Any CPU.ActiveCfg = Debug|Any CPU
		{6659AFB2-0DD7-4C0E-95D2-DF0E2399E086}.Debug|Any CPU.Build.0 = Debug|Any CPU
		{6659AFB2-0DD7-4C0E-95D2-DF0E2399E086}.Release|Any CPU.ActiveCfg = Release|Any CPU
		{6659AFB2-0DD7-4C0E-95D2-DF0E2399E086}.Release|Any CPU.Build.0 = Release|Any CPU
	EndGlobalSection
	GlobalSection(SolutionProperties) = preSolution
		HideSolutionNode = FALSE
	EndGlobalSection
	GlobalSection(ExtensibilityGlobals) = postSolution
		SolutionGuid = {D717949A-5A90-4CBD-AD49-512D47D3B68E}
	EndGlobalSection
EndGlobal
